// !$*UTF8*$!
{
	archiveVersion = 1;
	classes = {
	};
	objectVersion = 46;
	objects = {

/* Begin PBXBuildFile section */
		D68045221ADE9511000DC86A /* AppDelegate.swift in Sources */ = {isa = PBXBuildFile; fileRef = D68045211ADE9511000DC86A /* AppDelegate.swift */; };
		D68045241ADE9511000DC86A /* ViewController.swift in Sources */ = {isa = PBXBuildFile; fileRef = D68045231ADE9511000DC86A /* ViewController.swift */; };
		D68045271ADE9511000DC86A /* Main.storyboard in Resources */ = {isa = PBXBuildFile; fileRef = D68045251ADE9511000DC86A /* Main.storyboard */; };
		D68045291ADE9511000DC86A /* Images.xcassets in Resources */ = {isa = PBXBuildFile; fileRef = D68045281ADE9511000DC86A /* Images.xcassets */; };
		D680452C1ADE9511000DC86A /* LaunchScreen.xib in Resources */ = {isa = PBXBuildFile; fileRef = D680452A1ADE9511000DC86A /* LaunchScreen.xib */; };
		D68045381ADE9511000DC86A /* randomTests.swift in Sources */ = {isa = PBXBuildFile; fileRef = D68045371ADE9511000DC86A /* randomTests.swift */; };
/* End PBXBuildFile section */

/* Begin PBXContainerItemProxy section */
		D68045321ADE9511000DC86A /* PBXContainerItemProxy */ = {
			isa = PBXContainerItemProxy;
			containerPortal = D68045141ADE9510000DC86A /* Project object */;
			proxyType = 1;
			remoteGlobalIDString = D680451B1ADE9510000DC86A;
			remoteInfo = random;
		};
/* End PBXContainerItemProxy section */

/* Begin PBXFileReference section */
		D680451C1ADE9511000DC86A /* random.app */ = {isa = PBXFileReference; explicitFileType = wrapper.application; includeInIndex = 0; path = random.app; sourceTree = BUILT_PRODUCTS_DIR; };
		D68045201ADE9511000DC86A /* Info.plist */ = {isa = PBXFileReference; lastKnownFileType = text.plist.xml; path = Info.plist; sourceTree = "<group>"; };
		D68045211ADE9511000DC86A /* AppDelegate.swift */ = {isa = PBXFileReference; lastKnownFileType = sourcecode.swift; path = AppDelegate.swift; sourceTree = "<group>"; };
		D68045231ADE9511000DC86A /* ViewController.swift */ = {isa = PBXFileReference; lastKnownFileType = sourcecode.swift; path = ViewController.swift; sourceTree = "<group>"; };
		D68045261ADE9511000DC86A /* Base */ = {isa = PBXFileReference; lastKnownFileType = file.storyboard; name = Base; path = Base.lproj/Main.storyboard; sourceTree = "<group>"; };
		D68045281ADE9511000DC86A /* Images.xcassets */ = {isa = PBXFileReference; lastKnownFileType = folder.assetcatalog; path = Images.xcassets; sourceTree = "<group>"; };
		D680452B1ADE9511000DC86A /* Base */ = {isa = PBXFileReference; lastKnownFileType = file.xib; name = Base; path = Base.lproj/LaunchScreen.xib; sourceTree = "<group>"; };
		D68045311ADE9511000DC86A /* randomTests.xctest */ = {isa = PBXFileReference; explicitFileType = wrapper.cfbundle; includeInIndex = 0; path = randomTests.xctest; sourceTree = BUILT_PRODUCTS_DIR; };
		D68045361ADE9511000DC86A /* Info.plist */ = {isa = PBXFileReference; lastKnownFileType = text.plist.xml; path = Info.plist; sourceTree = "<group>"; };
		D68045371ADE9511000DC86A /* randomTests.swift */ = {isa = PBXFileReference; lastKnownFileType = sourcecode.swift; path = randomTests.swift; sourceTree = "<group>"; };
/* End PBXFileReference section */

/* Begin PBXFrameworksBuildPhase section */
		D68045191ADE9510000DC86A /* Frameworks */ = {
			isa = PBXFrameworksBuildPhase;
			buildActionMask = 2147483647;
			files = (
			);
			runOnlyForDeploymentPostprocessing = 0;
		};
		D680452E1ADE9511000DC86A /* Frameworks */ = {
			isa = PBXFrameworksBuildPhase;
			buildActionMask = 2147483647;
			files = (
			);
			runOnlyForDeploymentPostprocessing = 0;
		};
/* End PBXFrameworksBuildPhase section */

/* Begin PBXGroup section */
		D68045131ADE9510000DC86A = {
			isa = PBXGroup;
			children = (
				D680451E1ADE9511000DC86A /* random */,
				D68045341ADE9511000DC86A /* randomTests */,
				D680451D1ADE9511000DC86A /* Products */,
			);
			sourceTree = "<group>";
		};
		D680451D1ADE9511000DC86A /* Products */ = {
			isa = PBXGroup;
			children = (
				D680451C1ADE9511000DC86A /* random.app */,
				D68045311ADE9511000DC86A /* randomTests.xctest */,
			);
			name = Products;
			sourceTree = "<group>";
		};
		D680451E1ADE9511000DC86A /* random */ = {
			isa = PBXGroup;
			children = (
				D68045211ADE9511000DC86A /* AppDelegate.swift */,
				D68045231ADE9511000DC86A /* ViewController.swift */,
				D68045251ADE9511000DC86A /* Main.storyboard */,
				D68045281ADE9511000DC86A /* Images.xcassets */,
				D680452A1ADE9511000DC86A /* LaunchScreen.xib */,
				D680451F1ADE9511000DC86A /* Supporting Files */,
			);
			path = random;
			sourceTree = "<group>";
		};
		D680451F1ADE9511000DC86A /* Supporting Files */ = {
			isa = PBXGroup;
			children = (
				D68045201ADE9511000DC86A /* Info.plist */,
			);
			name = "Supporting Files";
			sourceTree = "<group>";
		};
		D68045341ADE9511000DC86A /* randomTests */ = {
			isa = PBXGroup;
			children = (
				D68045371ADE9511000DC86A /* randomTests.swift */,
				D68045351ADE9511000DC86A /* Supporting Files */,
			);
			path = randomTests;
			sourceTree = "<group>";
		};
		D68045351ADE9511000DC86A /* Supporting Files */ = {
			isa = PBXGroup;
			children = (
				D68045361ADE9511000DC86A /* Info.plist */,
			);
			name = "Supporting Files";
			sourceTree = "<group>";
		};
/* End PBXGroup section */

/* Begin PBXNativeTarget section */
		D680451B1ADE9510000DC86A /* random */ = {
			isa = PBXNativeTarget;
			buildConfigurationList = D680453B1ADE9511000DC86A /* Build configuration list for PBXNativeTarget "random" */;
			buildPhases = (
				D68045181ADE9510000DC86A /* Sources */,
				D68045191ADE9510000DC86A /* Frameworks */,
				D680451A1ADE9510000DC86A /* Resources */,
			);
			buildRules = (
			);
			dependencies = (
			);
			name = random;
			productName = random;
			productReference = D680451C1ADE9511000DC86A /* random.app */;
			productType = "com.apple.product-type.application";
		};
		D68045301ADE9511000DC86A /* randomTests */ = {
			isa = PBXNativeTarget;
			buildConfigurationList = D680453E1ADE9511000DC86A /* Build configuration list for PBXNativeTarget "randomTests" */;
			buildPhases = (
				D680452D1ADE9511000DC86A /* Sources */,
				D680452E1ADE9511000DC86A /* Frameworks */,
				D680452F1ADE9511000DC86A /* Resources */,
			);
			buildRules = (
			);
			dependencies = (
				D68045331ADE9511000DC86A /* PBXTargetDependency */,
			);
			name = randomTests;
			productName = randomTests;
			productReference = D68045311ADE9511000DC86A /* randomTests.xctest */;
			productType = "com.apple.product-type.bundle.unit-test";
		};
/* End PBXNativeTarget section */

/* Begin PBXProject section */
		D68045141ADE9510000DC86A /* Project object */ = {
			isa = PBXProject;
			attributes = {
				LastUpgradeCheck = 0630;
				ORGANIZATIONNAME = "Shannon Eckelkamp";
				TargetAttributes = {
					D680451B1ADE9510000DC86A = {
						CreatedOnToolsVersion = 6.3;
					};
					D68045301ADE9511000DC86A = {
						CreatedOnToolsVersion = 6.3;
						TestTargetID = D680451B1ADE9510000DC86A;
					};
				};
			};
			buildConfigurationList = D68045171ADE9510000DC86A /* Build configuration list for PBXProject "random" */;
			compatibilityVersion = "Xcode 3.2";
			developmentRegion = English;
			hasScannedForEncodings = 0;
			knownRegions = (
				en,
				Base,
			);
			mainGroup = D68045131ADE9510000DC86A;
			productRefGroup = D680451D1ADE9511000DC86A /* Products */;
			projectDirPath = "";
			projectRoot = "";
			targets = (
				D680451B1ADE9510000DC86A /* random */,
				D68045301ADE9511000DC86A /* randomTests */,
			);
		};
/* End PBXProject section */

/* Begin PBXResourcesBuildPhase section */
		D680451A1ADE9510000DC86A /* Resources */ = {
			isa = PBXResourcesBuildPhase;
			buildActionMask = 2147483647;
			files = (
				D68045271ADE9511000DC86A /* Main.storyboard in Resources */,
				D680452C1ADE9511000DC86A /* LaunchScreen.xib in Resources */,
				D68045291ADE9511000DC86A /* Images.xcassets in Resources */,
			);
			runOnlyForDeploymentPostprocessing = 0;
		};
		D680452F1ADE9511000DC86A /* Resources */ = {
			isa = PBXResourcesBuildPhase;
			buildActionMask = 2147483647;
			files = (
			);
			runOnlyForDeploymentPostprocessing = 0;
		};
/* End PBXResourcesBuildPhase section */

/* Begin PBXSourcesBuildPhase section */
		D68045181ADE9510000DC86A /* Sources */ = {
			isa = PBXSourcesBuildPhase;
			buildActionMask = 2147483647;
			files = (
				D68045241ADE9511000DC86A /* ViewController.swift in Sources */,
				D68045221ADE9511000DC86A /* AppDelegate.swift in Sources */,
			);
			runOnlyForDeploymentPostprocessing = 0;
		};
		D680452D1ADE9511000DC86A /* Sources */ = {
			isa = PBXSourcesBuildPhase;
			buildActionMask = 2147483647;
			files = (
				D68045381ADE9511000DC86A /* randomTests.swift in Sources */,
			);
			runOnlyForDeploymentPostprocessing = 0;
		};
/* End PBXSourcesBuildPhase section */

/* Begin PBXTargetDependency section */
		D68045331ADE9511000DC86A /* PBXTargetDependency */ = {
			isa = PBXTargetDependency;
			target = D680451B1ADE9510000DC86A /* random */;
			targetProxy = D68045321ADE9511000DC86A /* PBXContainerItemProxy */;
		};
/* End PBXTargetDependency section */

/* Begin PBXVariantGroup section */
		D68045251ADE9511000DC86A /* Main.storyboard */ = {
			isa = PBXVariantGroup;
			children = (
				D68045261ADE9511000DC86A /* Base */,
			);
			name = Main.storyboard;
			sourceTree = "<group>";
		};
		D680452A1ADE9511000DC86A /* LaunchScreen.xib */ = {
			isa = PBXVariantGroup;
			children = (
				D680452B1ADE9511000DC86A /* Base */,
			);
			name = LaunchScreen.xib;
			sourceTree = "<group>";
		};
/* End PBXVariantGroup section */

/* Begin XCBuildConfiguration section */
		D68045391ADE9511000DC86A /* Debug */ = {
			isa = XCBuildConfiguration;
			buildSettings = {
				ALWAYS_SEARCH_USER_PATHS = NO;
				CLANG_CXX_LANGUAGE_STANDARD = "gnu++0x";
				CLANG_CXX_LIBRARY = "libc++";
				CLANG_ENABLE_MODULES = YES;
				CLANG_ENABLE_OBJC_ARC = YES;
				CLANG_WARN_BOOL_CONVERSION = YES;
				CLANG_WARN_CONSTANT_CONVERSION = YES;
				CLANG_WARN_DIRECT_OBJC_ISA_USAGE = YES_ERROR;
				CLANG_WARN_EMPTY_BODY = YES;
				CLANG_WARN_ENUM_CONVERSION = YES;
				CLANG_WARN_INT_CONVERSION = YES;
				CLANG_WARN_OBJC_ROOT_CLASS = YES_ERROR;
				CLANG_WARN_UNREACHABLE_CODE = YES;
				CLANG_WARN__DUPLICATE_METHOD_MATCH = YES;
				"CODE_SIGN_IDENTITY[sdk=iphoneos*]" = "iPhone Developer";
				COPY_PHASE_STRIP = NO;
				DEBUG_INFORMATION_FORMAT = "dwarf-with-dsym";
				ENABLE_STRICT_OBJC_MSGSEND = YES;
				GCC_C_LANGUAGE_STANDARD = gnu99;
				GCC_DYNAMIC_NO_PIC = NO;
				GCC_NO_COMMON_BLOCKS = YES;
				GCC_OPTIMIZATION_LEVEL = 0;
				GCC_PREPROCESSOR_DEFINITIONS = (
					"DEBUG=1",
					"$(inherited)",
				);
				GCC_SYMBOLS_PRIVATE_EXTERN = NO;
				GCC_WARN_64_TO_32_BIT_CONVERSION = YES;
				GCC_WARN_ABOUT_RETURN_TYPE = YES_ERROR;
				GCC_WARN_UNDECLARED_SELECTOR = YES;
				GCC_WARN_UNINITIALIZED_AUTOS = YES_AGGRESSIVE;
				GCC_WARN_UNUSED_FUNCTION = YES;
				GCC_WARN_UNUSED_VARIABLE = YES;
				IPHONEOS_DEPLOYMENT_TARGET = 8.3;
				MTL_ENABLE_DEBUG_INFO = YES;
				ONLY_ACTIVE_ARCH = YES;
				SDKROOT = iphoneos;
				SWIFT_OPTIMIZATION_LEVEL = "-Onone";
			};
			name = Debug;
		};
		D680453A1ADE9511000DC86A /* Release */ = {
			isa = XCBuildConfiguration;
			buildSettings = {
				ALWAYS_SEARCH_USER_PATHS = NO;
				CLANG_CXX_LANGUAGE_STANDARD = "gnu++0x";
				CLANG_CXX_LIBRARY = "libc++";
				CLANG_ENABLE_MODULES = YES;
				CLANG_ENABLE_OBJC_ARC = YES;
				CLANG_WARN_BOOL_CONVERSION = YES;
				CLANG_WARN_CONSTANT_CONVERSION = YES;
				CLANG_WARN_DIRECT_OBJC_ISA_USAGE = YES_ERROR;
				CLANG_WARN_EMPTY_BODY = YES;
				CLANG_WARN_ENUM_CONVERSION = YES;
				CLANG_WARN_INT_CONVERSION = YES;
				CLANG_WARN_OBJC_ROOT_CLASS = YES_ERROR;
				CLANG_WARN_UNREACHABLE_CODE = YES;
				CLANG_WARN__DUPLICATE_METHOD_MATCH = YES;
				"CODE_SIGN_IDENTITY[sdk=iphoneos*]" = "iPhone Developer";
				COPY_PHASE_STRIP = NO;
				DEBUG_INFORMATION_FORMAT = "dwarf-with-dsym";
				ENABLE_NS_ASSERTIONS = NO;
				ENABLE_STRICT_OBJC_MSGSEND = YES;
				GCC_C_LANGUAGE_STANDARD = gnu99;
				GCC_NO_COMMON_BLOCKS = YES;
				GCC_WARN_64_TO_32_BIT_CONVERSION = YES;
				GCC_WARN_ABOUT_RETURN_TYPE = YES_ERROR;
				GCC_WARN_UNDECLARED_SELECTOR = YES;
				GCC_WARN_UNINITIALIZED_AUTOS = YES_AGGRESSIVE;
				GCC_WARN_UNUSED_FUNCTION = YES;
				GCC_WARN_UNUSED_VARIABLE = YES;
				IPHONEOS_DEPLOYMENT_TARGET = 8.3;
				MTL_ENABLE_DEBUG_INFO = NO;
				SDKROOT = iphoneos;
				VALIDATE_PRODUCT = YES;
			};
			name = Release;
		};
		D680453C1ADE9511000DC86A /* Debug */ = {
			isa = XCBuildConfiguration;
			buildSettings = {
				ASSETCATALOG_COMPILER_APPICON_NAME = AppIcon;
				INFOPLIST_FILE = random/Info.plist;
				LD_RUNPATH_SEARCH_PATHS = "$(inherited) @executable_path/Frameworks";
				PRODUCT_NAME = "$(TARGET_NAME)";
			};
			name = Debug;
		};
		D680453D1ADE9511000DC86A /* Release */ = {
			isa = XCBuildConfiguration;
			buildSettings = {
				ASSETCATALOG_COMPILER_APPICON_NAME = AppIcon;
				INFOPLIST_FILE = random/Info.plist;
				LD_RUNPATH_SEARCH_PATHS = "$(inherited) @executable_path/Frameworks";
				PRODUCT_NAME = "$(TARGET_NAME)";
			};
			name = Release;
		};
		D680453F1ADE9511000DC86A /* Debug */ = {
			isa = XCBuildConfiguration;
			buildSettings = {
				BUNDLE_LOADER = "$(TEST_HOST)";
				FRAMEWORK_SEARCH_PATHS = (
					"$(SDKROOT)/Developer/Library/Frameworks",
					"$(inherited)",
				);
				GCC_PREPROCESSOR_DEFINITIONS = (
					"DEBUG=1",
					"$(inherited)",
				);
				INFOPLIST_FILE = randomTests/Info.plist;
				LD_RUNPATH_SEARCH_PATHS = "$(inherited) @executable_path/Frameworks @loader_path/Frameworks";
				PRODUCT_NAME = "$(TARGET_NAME)";
				TEST_HOST = "$(BUILT_PRODUCTS_DIR)/random.app/random";
			};
			name = Debug;
		};
		D68045401ADE9511000DC86A /* Release */ = {
			isa = XCBuildConfiguration;
			buildSettings = {
				BUNDLE_LOADER = "$(TEST_HOST)";
				FRAMEWORK_SEARCH_PATHS = (
					"$(SDKROOT)/Developer/Library/Frameworks",
					"$(inherited)",
				);
				INFOPLIST_FILE = randomTests/Info.plist;
				LD_RUNPATH_SEARCH_PATHS = "$(inherited) @executable_path/Frameworks @loader_path/Frameworks";
				PRODUCT_NAME = "$(TARGET_NAME)";
				TEST_HOST = "$(BUILT_PRODUCTS_DIR)/random.app/random";
			};
			name = Release;
		};
/* End XCBuildConfiguration section */

/* Begin XCConfigurationList section */
		D68045171ADE9510000DC86A /* Build configuration list for PBXProject "random" */ = {
			isa = XCConfigurationList;
			buildConfigurations = (
				D68045391ADE9511000DC86A /* Debug */,
				D680453A1ADE9511000DC86A /* Release */,
			);
			defaultConfigurationIsVisible = 0;
			defaultConfigurationName = Release;
		};
		D680453B1ADE9511000DC86A /* Build configuration list for PBXNativeTarget "random" */ = {
			isa = XCConfigurationList;
			buildConfigurations = (
				D680453C1ADE9511000DC86A /* Debug */,
				D680453D1ADE9511000DC86A /* Release */,
			);
			defaultConfigurationIsVisible = 0;
		};
		D680453E1ADE9511000DC86A /* Build configuration list for PBXNativeTarget "randomTests" */ = {
			isa = XCConfigurationList;
			buildConfigurations = (
				D680453F1ADE9511000DC86A /* Debug */,
				D68045401ADE9511000DC86A /* Release */,
			);
			defaultConfigurationIsVisible = 0;
		};
/* End XCConfigurationList section */
	};
	rootObject = D68045141ADE9510000DC86A /* Project object */;
}
